
Microsoft Visual Studio Solution File, Format Version 12.00
# Visual Studio Version 17
VisualStudioVersion = 17.10.35013.160
MinimumVisualStudioVersion = 10.0.40219.1
Project("{2150E333-8FDC-42A3-9474-1A3956D46DE8}") = "src", "src", "{292EA133-37FE-4520-B384-723B568ADF96}"
EndProject
Project("{2150E333-8FDC-42A3-9474-1A3956D46DE8}") = "Core", "Core", "{BEFD4136-B4D9-41AC-BCE6-B99C37C7E954}"
EndProject
Project("{2150E333-8FDC-42A3-9474-1A3956D46DE8}") = "API", "API", "{5DC50DE8-2E01-4B42-BB51-E09EE955F51F}"
EndProject
Project("{2150E333-8FDC-42A3-9474-1A3956D46DE8}") = "Infrastructure", "Infrastructure", "{D05E0821-FCCF-4283-B418-4FDC6213630C}"
EndProject
Project("{2150E333-8FDC-42A3-9474-1A3956D46DE8}") = "test", "test", "{162EC54A-31B3-42AB-8B6C-0CE476E0A8B9}"
EndProject
Project("{2150E333-8FDC-42A3-9474-1A3956D46DE8}") = "Application", "Application", "{0AF6C50C-DDD9-4DC1-A831-883DB2C4035E}"
EndProject
Project("{2150E333-8FDC-42A3-9474-1A3956D46DE8}") = "Domain", "Domain", "{732C69B3-CD47-4524-A042-0BC0C2511C41}"
EndProject
Project("{9A19103F-16F7-4668-BE54-9A1E7A4F7556}") = "Domain", "Domain\Domain.csproj", "{3695115D-DD07-4DC7-BF36-1F640910BB5C}"
EndProject
Project("{9A19103F-16F7-4668-BE54-9A1E7A4F7556}") = "Application", "Application\Application.csproj", "{DC1BA9BC-ED94-40A5-9C97-07035CD543D4}"
EndProject
Project("{9A19103F-16F7-4668-BE54-9A1E7A4F7556}") = "Infrastructure", "Infrastructure\Infrastructure.csproj", "{F90C605E-CADD-4134-BD00-D77CA007E38B}"
EndProject
Project("{9A19103F-16F7-4668-BE54-9A1E7A4F7556}") = "API", "API\API.csproj", "{B9F8FC1F-BC35-404A-9428-9C209BD89A3C}"
EndProject
Project("{2150E333-8FDC-42A3-9474-1A3956D46DE8}") = "Solution Items", "Solution Items", "{8159FB76-CAE0-4383-8FBF-E7FBAF6222C4}"
	ProjectSection(SolutionItems) = preProject
		.editorconfig = .editorconfig
	EndProjectSection
EndProject
Global
	GlobalSection(SolutionConfigurationPlatforms) = preSolution
		Debug|Any CPU = Debug|Any CPU
		Release|Any CPU = Release|Any CPU
	EndGlobalSection
	GlobalSection(ProjectConfigurationPlatforms) = postSolution
		{3695115D-DD07-4DC7-BF36-1F640910BB5C}.Debug|Any CPU.ActiveCfg = Debug|Any CPU
		{3695115D-DD07-4DC7-BF36-1F640910BB5C}.Debug|Any CPU.Build.0 = Debug|Any CPU
		{3695115D-DD07-4DC7-BF36-1F640910BB5C}.Release|Any CPU.ActiveCfg = Release|Any CPU
		{3695115D-DD07-4DC7-BF36-1F640910BB5C}.Release|Any CPU.Build.0 = Release|Any CPU
		{DC1BA9BC-ED94-40A5-9C97-07035CD543D4}.Debug|Any CPU.ActiveCfg = Debug|Any CPU
		{DC1BA9BC-ED94-40A5-9C97-07035CD543D4}.Debug|Any CPU.Build.0 = Debug|Any CPU
		{DC1BA9BC-ED94-40A5-9C97-07035CD543D4}.Release|Any CPU.ActiveCfg = Release|Any CPU
		{DC1BA9BC-ED94-40A5-9C97-07035CD543D4}.Release|Any CPU.Build.0 = Release|Any CPU
		{F90C605E-CADD-4134-BD00-D77CA007E38B}.Debug|Any CPU.ActiveCfg = Debug|Any CPU
		{F90C605E-CADD-4134-BD00-D77CA007E38B}.Debug|Any CPU.Build.0 = Debug|Any CPU
		{F90C605E-CADD-4134-BD00-D77CA007E38B}.Release|Any CPU.ActiveCfg = Release|Any CPU
		{F90C605E-CADD-4134-BD00-D77CA007E38B}.Release|Any CPU.Build.0 = Release|Any CPU
		{B9F8FC1F-BC35-404A-9428-9C209BD89A3C}.Debug|Any CPU.ActiveCfg = Debug|Any CPU
		{B9F8FC1F-BC35-404A-9428-9C209BD89A3C}.Debug|Any CPU.Build.0 = Debug|Any CPU
		{B9F8FC1F-BC35-404A-9428-9C209BD89A3C}.Release|Any CPU.ActiveCfg = Release|Any CPU
		{B9F8FC1F-BC35-404A-9428-9C209BD89A3C}.Release|Any CPU.Build.0 = Release|Any CPU
	EndGlobalSection
	GlobalSection(SolutionProperties) = preSolution
		HideSolutionNode = FALSE
	EndGlobalSection
	GlobalSection(NestedProjects) = preSolution
		{BEFD4136-B4D9-41AC-BCE6-B99C37C7E954} = {292EA133-37FE-4520-B384-723B568ADF96}
		{5DC50DE8-2E01-4B42-BB51-E09EE955F51F} = {292EA133-37FE-4520-B384-723B568ADF96}
		{D05E0821-FCCF-4283-B418-4FDC6213630C} = {292EA133-37FE-4520-B384-723B568ADF96}
		{0AF6C50C-DDD9-4DC1-A831-883DB2C4035E} = {BEFD4136-B4D9-41AC-BCE6-B99C37C7E954}
		{732C69B3-CD47-4524-A042-0BC0C2511C41} = {BEFD4136-B4D9-41AC-BCE6-B99C37C7E954}
		{3695115D-DD07-4DC7-BF36-1F640910BB5C} = {732C69B3-CD47-4524-A042-0BC0C2511C41}
		{DC1BA9BC-ED94-40A5-9C97-07035CD543D4} = {0AF6C50C-DDD9-4DC1-A831-883DB2C4035E}
		{F90C605E-CADD-4134-BD00-D77CA007E38B} = {D05E0821-FCCF-4283-B418-4FDC6213630C}
		{B9F8FC1F-BC35-404A-9428-9C209BD89A3C} = {5DC50DE8-2E01-4B42-BB51-E09EE955F51F}
	EndGlobalSection
	GlobalSection(ExtensibilityGlobals) = postSolution
		SolutionGuid = {0497688E-70F8-4CA1-81F4-6978E41619FB}
	EndGlobalSection
EndGlobal
